{
  "requires": true,
  "lockfileVersion": 1,
  "dependencies": {
    "easygraphql-load-tester": {
      "version": "0.3.4",
      "resolved": "https://registry.npmjs.org/easygraphql-load-tester/-/easygraphql-load-tester-0.3.4.tgz",
      "integrity": "sha512-T1jrgq5zDlqGVtBiGoGfM6Kh77sjNPx5kL4uUgZApwSV7IC9osM59bBSDaZTb4DB/HwbEt2BLbl+CYyaCQdV5w==",
      "requires": {
        "easygraphql-parser": "^0.0.9",
        "lodash.isobject": "^3.0.2"
      }
    },
    "easygraphql-parser": {
      "version": "0.0.9",
      "resolved": "https://registry.npmjs.org/easygraphql-parser/-/easygraphql-parser-0.0.9.tgz",
      "integrity": "sha512-Mp+JgCx8uH62//IsCDrvtJ/ZN/cxnAS0UfM92Svidi0/mBIXRC7H/EBLhS3dbmkW3t1NCvgaQhWvkaqLjDDDVw==",
      "requires": {
        "graphql": "^14.0.2",
        "lodash.mergewith": "^4.6.1"
      }
    },
    "graphql": {
      "version": "14.3.0",
      "resolved": "https://registry.npmjs.org/graphql/-/graphql-14.3.0.tgz",
      "integrity": "sha512-MdfI4v7kSNC3NhB7cF8KNijDsifuWO2XOtzpyququqaclO8wVuChYv+KogexDwgP5sp7nFI9Z6N4QHgoLkfjrg==",
      "requires": {
        "iterall": "^1.2.2"
      }
    },
    "iterall": {
      "version": "1.2.2",
      "resolved": "https://registry.npmjs.org/iterall/-/iterall-1.2.2.tgz",
      "integrity": "sha512-yynBb1g+RFUPY64fTrFv7nsjRrENBQJaX2UL+2Szc9REFrSNm1rpSXHGzhmAy7a9uv3vlvgBlXnf9RqmPH1/DA=="
    },
    "lodash.isobject": {
      "version": "3.0.2",
      "resolved": "https://registry.npmjs.org/lodash.isobject/-/lodash.isobject-3.0.2.tgz",
      "integrity": "sha1-PI+41bW/S/kK4G4U8qUwpO2TXh0="
    },
    "lodash.mergewith": {
      "version": "4.6.1",
      "resolved": "https://registry.npmjs.org/lodash.mergewith/-/lodash.mergewith-4.6.1.tgz",
      "integrity": "sha512-eWw5r+PYICtEBgrBE5hhlT6aAa75f411bgDz/ZL2KZqYV03USvucsxcHUIlGTDTECs1eunpI7HOV7U+WLDvNdQ=="
    }
  }
}
